// !$*UTF8*$!
{
	archiveVersion = 1;
	classes = {
	};
	objectVersion = 51;
	objects = {

/* Begin PBXBuildFile section */
		053D907C23FBD0D500B01541 /* LedControlManager.swift in Sources */ = {isa = PBXBuildFile; fileRef = 053D907B23FBD0D500B01541 /* LedControlManager.swift */; };
		0544899523F9B055009D8A67 /* AppDelegate.swift in Sources */ = {isa = PBXBuildFile; fileRef = 0544899423F9B055009D8A67 /* AppDelegate.swift */; };
		0544899723F9B055009D8A67 /* SceneDelegate.swift in Sources */ = {isa = PBXBuildFile; fileRef = 0544899623F9B055009D8A67 /* SceneDelegate.swift */; };
		0544899C23F9B055009D8A67 /* Main.storyboard in Resources */ = {isa = PBXBuildFile; fileRef = 0544899A23F9B055009D8A67 /* Main.storyboard */; };
		0544899E23F9B057009D8A67 /* Assets.xcassets in Resources */ = {isa = PBXBuildFile; fileRef = 0544899D23F9B057009D8A67 /* Assets.xcassets */; };
		054489A123F9B057009D8A67 /* LaunchScreen.storyboard in Resources */ = {isa = PBXBuildFile; fileRef = 0544899F23F9B057009D8A67 /* LaunchScreen.storyboard */; };
		054489B523F9B218009D8A67 /* BaseViewController.swift in Sources */ = {isa = PBXBuildFile; fileRef = 054489AF23F9B218009D8A67 /* BaseViewController.swift */; };
		054489B723F9B218009D8A67 /* DevicePairViewController.swift in Sources */ = {isa = PBXBuildFile; fileRef = 054489B123F9B218009D8A67 /* DevicePairViewController.swift */; };
		054489B823F9B218009D8A67 /* DiscoveredDeviceTableViewCell.swift in Sources */ = {isa = PBXBuildFile; fileRef = 054489B223F9B218009D8A67 /* DiscoveredDeviceTableViewCell.swift */; };
		054489B923F9B218009D8A67 /* LaunchViewController.swift in Sources */ = {isa = PBXBuildFile; fileRef = 054489B323F9B218009D8A67 /* LaunchViewController.swift */; };
		054489C923F9B3B5009D8A67 /* BLEPeripheral.swift in Sources */ = {isa = PBXBuildFile; fileRef = 054489BC23F9B3B5009D8A67 /* BLEPeripheral.swift */; };
		054489CA23F9B3B5009D8A67 /* BLEError.swift in Sources */ = {isa = PBXBuildFile; fileRef = 054489BD23F9B3B5009D8A67 /* BLEError.swift */; };
		054489CB23F9B3B5009D8A67 /* BLECommand.swift in Sources */ = {isa = PBXBuildFile; fileRef = 054489BE23F9B3B5009D8A67 /* BLECommand.swift */; };
		054489CC23F9B3B5009D8A67 /* BLEResponse.swift in Sources */ = {isa = PBXBuildFile; fileRef = 054489BF23F9B3B5009D8A67 /* BLEResponse.swift */; };
		054489CD23F9B3B5009D8A67 /* BLEDevicePeripheral.swift in Sources */ = {isa = PBXBuildFile; fileRef = 054489C023F9B3B5009D8A67 /* BLEDevicePeripheral.swift */; };
		054489CE23F9B3B5009D8A67 /* BLERequest.swift in Sources */ = {isa = PBXBuildFile; fileRef = 054489C123F9B3B5009D8A67 /* BLERequest.swift */; };
		054489CF23F9B3B5009D8A67 /* BLECentralManager.swift in Sources */ = {isa = PBXBuildFile; fileRef = 054489C223F9B3B5009D8A67 /* BLECentralManager.swift */; };
		054489D023F9B3B5009D8A67 /* BLEResponseFactory.swift in Sources */ = {isa = PBXBuildFile; fileRef = 054489C323F9B3B5009D8A67 /* BLEResponseFactory.swift */; };
		054489D123F9B3B5009D8A67 /* ExtData.swift in Sources */ = {isa = PBXBuildFile; fileRef = 054489C523F9B3B5009D8A67 /* ExtData.swift */; };
		054489D223F9B3B5009D8A67 /* ExtString.swift in Sources */ = {isa = PBXBuildFile; fileRef = 054489C623F9B3B5009D8A67 /* ExtString.swift */; };
		054489D323F9B3B5009D8A67 /* ExtObjectOrNil.swift in Sources */ = {isa = PBXBuildFile; fileRef = 054489C723F9B3B5009D8A67 /* ExtObjectOrNil.swift */; };
		054489D423F9B3B5009D8A67 /* LogsHelper.swift in Sources */ = {isa = PBXBuildFile; fileRef = 054489C823F9B3B5009D8A67 /* LogsHelper.swift */; };
		054CE61B2561841000EFBADB /* SendCmdCommand.swift in Sources */ = {isa = PBXBuildFile; fileRef = 054CE61A2561841000EFBADB /* SendCmdCommand.swift */; };
		054CE6402562ED4500EFBADB /* ResponseFactory.swift in Sources */ = {isa = PBXBuildFile; fileRef = 054CE63F2562ED4500EFBADB /* ResponseFactory.swift */; };
		054CE6432562ED9C00EFBADB /* LedDevicePeripheral.swift in Sources */ = {isa = PBXBuildFile; fileRef = 054CE6422562ED9C00EFBADB /* LedDevicePeripheral.swift */; };
		055EA3C12559B837004B3A78 /* SetModeCommand.swift in Sources */ = {isa = PBXBuildFile; fileRef = 055EA3C02559B837004B3A78 /* SetModeCommand.swift */; };
		055EA3C42559B8EB004B3A78 /* CommonRequest.swift in Sources */ = {isa = PBXBuildFile; fileRef = 055EA3C32559B8EB004B3A78 /* CommonRequest.swift */; };
		057701A223FAA7B200E3C0E7 /* LedControlViewController.swift in Sources */ = {isa = PBXBuildFile; fileRef = 057701A123FAA7B200E3C0E7 /* LedControlViewController.swift */; };
		057701A423FAC6F900E3C0E7 /* UserDefaultWrapper.swift in Sources */ = {isa = PBXBuildFile; fileRef = 057701A323FAC6F900E3C0E7 /* UserDefaultWrapper.swift */; };
		058A28D023FC196F0092C0CB /* LightsStateResponse.swift in Sources */ = {isa = PBXBuildFile; fileRef = 058A28CF23FC196F0092C0CB /* LightsStateResponse.swift */; };
		05B9C4CB255B004C008A3A07 /* CommonStatusResponse.swift in Sources */ = {isa = PBXBuildFile; fileRef = 05B9C4CA255B004C008A3A07 /* CommonStatusResponse.swift */; };
		05CCA72C23FC648A00AA3C7F /* LedStateCommand.swift in Sources */ = {isa = PBXBuildFile; fileRef = 05CCA72B23FC648A00AA3C7F /* LedStateCommand.swift */; };
		7D84B8C9842016ADBC81B96C /* Pods_Matrix_rgb_leds.framework in Frameworks */ = {isa = PBXBuildFile; fileRef = 9248D448FB755ADF1D168706 /* Pods_Matrix_rgb_leds.framework */; };
/* End PBXBuildFile section */

/* Begin PBXFileReference section */
		053D907B23FBD0D500B01541 /* LedControlManager.swift */ = {isa = PBXFileReference; lastKnownFileType = sourcecode.swift; path = LedControlManager.swift; sourceTree = "<group>"; };
		0544899123F9B055009D8A67 /* Matrix RGB Leds.app */ = {isa = PBXFileReference; explicitFileType = wrapper.application; includeInIndex = 0; path = "Matrix RGB Leds.app"; sourceTree = BUILT_PRODUCTS_DIR; };
		0544899423F9B055009D8A67 /* AppDelegate.swift */ = {isa = PBXFileReference; lastKnownFileType = sourcecode.swift; path = AppDelegate.swift; sourceTree = "<group>"; };
		0544899623F9B055009D8A67 /* SceneDelegate.swift */ = {isa = PBXFileReference; lastKnownFileType = sourcecode.swift; path = SceneDelegate.swift; sourceTree = "<group>"; };
		0544899B23F9B055009D8A67 /* Base */ = {isa = PBXFileReference; lastKnownFileType = file.storyboard; name = Base; path = Base.lproj/Main.storyboard; sourceTree = "<group>"; };
		0544899D23F9B057009D8A67 /* Assets.xcassets */ = {isa = PBXFileReference; lastKnownFileType = folder.assetcatalog; path = Assets.xcassets; sourceTree = "<group>"; };
		054489A023F9B057009D8A67 /* Base */ = {isa = PBXFileReference; lastKnownFileType = file.storyboard; name = Base; path = Base.lproj/LaunchScreen.storyboard; sourceTree = "<group>"; };
		054489A223F9B057009D8A67 /* Info.plist */ = {isa = PBXFileReference; lastKnownFileType = text.plist.xml; path = Info.plist; sourceTree = "<group>"; };
		054489AF23F9B218009D8A67 /* BaseViewController.swift */ = {isa = PBXFileReference; fileEncoding = 4; lastKnownFileType = sourcecode.swift; path = BaseViewController.swift; sourceTree = "<group>"; };
		054489B123F9B218009D8A67 /* DevicePairViewController.swift */ = {isa = PBXFileReference; fileEncoding = 4; lastKnownFileType = sourcecode.swift; path = DevicePairViewController.swift; sourceTree = "<group>"; };
		054489B223F9B218009D8A67 /* DiscoveredDeviceTableViewCell.swift */ = {isa = PBXFileReference; fileEncoding = 4; lastKnownFileType = sourcecode.swift; path = DiscoveredDeviceTableViewCell.swift; sourceTree = "<group>"; };
		054489B323F9B218009D8A67 /* LaunchViewController.swift */ = {isa = PBXFileReference; fileEncoding = 4; lastKnownFileType = sourcecode.swift; path = LaunchViewController.swift; sourceTree = "<group>"; };
		054489BC23F9B3B5009D8A67 /* BLEPeripheral.swift */ = {isa = PBXFileReference; fileEncoding = 4; lastKnownFileType = sourcecode.swift; path = BLEPeripheral.swift; sourceTree = "<group>"; };
		054489BD23F9B3B5009D8A67 /* BLEError.swift */ = {isa = PBXFileReference; fileEncoding = 4; lastKnownFileType = sourcecode.swift; path = BLEError.swift; sourceTree = "<group>"; };
		054489BE23F9B3B5009D8A67 /* BLECommand.swift */ = {isa = PBXFileReference; fileEncoding = 4; lastKnownFileType = sourcecode.swift; path = BLECommand.swift; sourceTree = "<group>"; };
		054489BF23F9B3B5009D8A67 /* BLEResponse.swift */ = {isa = PBXFileReference; fileEncoding = 4; lastKnownFileType = sourcecode.swift; path = BLEResponse.swift; sourceTree = "<group>"; };
		054489C023F9B3B5009D8A67 /* BLEDevicePeripheral.swift */ = {isa = PBXFileReference; fileEncoding = 4; lastKnownFileType = sourcecode.swift; path = BLEDevicePeripheral.swift; sourceTree = "<group>"; };
		054489C123F9B3B5009D8A67 /* BLERequest.swift */ = {isa = PBXFileReference; fileEncoding = 4; lastKnownFileType = sourcecode.swift; path = BLERequest.swift; sourceTree = "<group>"; };
		054489C223F9B3B5009D8A67 /* BLECentralManager.swift */ = {isa = PBXFileReference; fileEncoding = 4; lastKnownFileType = sourcecode.swift; path = BLECentralManager.swift; sourceTree = "<group>"; };
		054489C323F9B3B5009D8A67 /* BLEResponseFactory.swift */ = {isa = PBXFileReference; fileEncoding = 4; lastKnownFileType = sourcecode.swift; path = BLEResponseFactory.swift; sourceTree = "<group>"; };
		054489C523F9B3B5009D8A67 /* ExtData.swift */ = {isa = PBXFileReference; fileEncoding = 4; lastKnownFileType = sourcecode.swift; path = ExtData.swift; sourceTree = "<group>"; };
		054489C623F9B3B5009D8A67 /* ExtString.swift */ = {isa = PBXFileReference; fileEncoding = 4; lastKnownFileType = sourcecode.swift; path = ExtString.swift; sourceTree = "<group>"; };
		054489C723F9B3B5009D8A67 /* ExtObjectOrNil.swift */ = {isa = PBXFileReference; fileEncoding = 4; lastKnownFileType = sourcecode.swift; path = ExtObjectOrNil.swift; sourceTree = "<group>"; };
		054489C823F9B3B5009D8A67 /* LogsHelper.swift */ = {isa = PBXFileReference; fileEncoding = 4; lastKnownFileType = sourcecode.swift; path = LogsHelper.swift; sourceTree = "<group>"; };
		054CE61A2561841000EFBADB /* SendCmdCommand.swift */ = {isa = PBXFileReference; lastKnownFileType = sourcecode.swift; path = SendCmdCommand.swift; sourceTree = "<group>"; };
		054CE63F2562ED4500EFBADB /* ResponseFactory.swift */ = {isa = PBXFileReference; lastKnownFileType = sourcecode.swift; path = ResponseFactory.swift; sourceTree = "<group>"; };
		054CE6422562ED9C00EFBADB /* LedDevicePeripheral.swift */ = {isa = PBXFileReference; lastKnownFileType = sourcecode.swift; path = LedDevicePeripheral.swift; sourceTree = "<group>"; };
		055EA3C02559B837004B3A78 /* SetModeCommand.swift */ = {isa = PBXFileReference; lastKnownFileType = sourcecode.swift; path = SetModeCommand.swift; sourceTree = "<group>"; };
		055EA3C32559B8EB004B3A78 /* CommonRequest.swift */ = {isa = PBXFileReference; lastKnownFileType = sourcecode.swift; path = CommonRequest.swift; sourceTree = "<group>"; };
		057701A123FAA7B200E3C0E7 /* LedControlViewController.swift */ = {isa = PBXFileReference; lastKnownFileType = sourcecode.swift; path = LedControlViewController.swift; sourceTree = "<group>"; };
		057701A323FAC6F900E3C0E7 /* UserDefaultWrapper.swift */ = {isa = PBXFileReference; fileEncoding = 4; lastKnownFileType = sourcecode.swift; path = UserDefaultWrapper.swift; sourceTree = "<group>"; };
		058A28CF23FC196F0092C0CB /* LightsStateResponse.swift */ = {isa = PBXFileReference; lastKnownFileType = sourcecode.swift; path = LightsStateResponse.swift; sourceTree = "<group>"; };
		05B9C4CA255B004C008A3A07 /* CommonStatusResponse.swift */ = {isa = PBXFileReference; lastKnownFileType = sourcecode.swift; path = CommonStatusResponse.swift; sourceTree = "<group>"; };
		05CCA72B23FC648A00AA3C7F /* LedStateCommand.swift */ = {isa = PBXFileReference; lastKnownFileType = sourcecode.swift; path = LedStateCommand.swift; sourceTree = "<group>"; };
		281F89166CE580FBF5B2721E /* Pods-Matrix-rgb-leds.release.xcconfig */ = {isa = PBXFileReference; includeInIndex = 1; lastKnownFileType = text.xcconfig; name = "Pods-Matrix-rgb-leds.release.xcconfig"; path = "Target Support Files/Pods-Matrix-rgb-leds/Pods-Matrix-rgb-leds.release.xcconfig"; sourceTree = "<group>"; };
		428129E9E9DAE5F68BC50E1E /* Pods-Matrix-rgb-leds.debug.xcconfig */ = {isa = PBXFileReference; includeInIndex = 1; lastKnownFileType = text.xcconfig; name = "Pods-Matrix-rgb-leds.debug.xcconfig"; path = "Target Support Files/Pods-Matrix-rgb-leds/Pods-Matrix-rgb-leds.debug.xcconfig"; sourceTree = "<group>"; };
		9248D448FB755ADF1D168706 /* Pods_Matrix_rgb_leds.framework */ = {isa = PBXFileReference; explicitFileType = wrapper.framework; includeInIndex = 0; path = Pods_Matrix_rgb_leds.framework; sourceTree = BUILT_PRODUCTS_DIR; };
/* End PBXFileReference section */

/* Begin PBXFrameworksBuildPhase section */
		0544898E23F9B055009D8A67 /* Frameworks */ = {
			isa = PBXFrameworksBuildPhase;
			buildActionMask = 2147483647;
			files = (
				7D84B8C9842016ADBC81B96C /* Pods_Matrix_rgb_leds.framework in Frameworks */,
			);
			runOnlyForDeploymentPostprocessing = 0;
		};
/* End PBXFrameworksBuildPhase section */

/* Begin PBXGroup section */
		0544898823F9B055009D8A67 = {
			isa = PBXGroup;
			children = (
				0544899323F9B055009D8A67 /* Matrix-rgb-leds */,
				0544899223F9B055009D8A67 /* Products */,
				FD456D9FA696CB2A4EC7F7C0 /* Pods */,
				74D966A6E189A4A4573B177A /* Frameworks */,
			);
			sourceTree = "<group>";
		};
		0544899223F9B055009D8A67 /* Products */ = {
			isa = PBXGroup;
			children = (
				0544899123F9B055009D8A67 /* Matrix RGB Leds.app */,
			);
			name = Products;
			sourceTree = "<group>";
		};
		0544899323F9B055009D8A67 /* Matrix-rgb-leds */ = {
			isa = PBXGroup;
			children = (
				054489BB23F9B3B5009D8A67 /* BLECore */,
				054489AC23F9B212009D8A67 /* Vendors */,
				054489A823F9B208009D8A67 /* Core */,
				054489AD23F9B218009D8A67 /* ViewControllers */,
				054489BA23F9B37E009D8A67 /* Storyboards */,
				0544899423F9B055009D8A67 /* AppDelegate.swift */,
				0544899623F9B055009D8A67 /* SceneDelegate.swift */,
				0544899D23F9B057009D8A67 /* Assets.xcassets */,
				054489A223F9B057009D8A67 /* Info.plist */,
			);
			path = "Matrix-rgb-leds";
			sourceTree = "<group>";
		};
		054489A823F9B208009D8A67 /* Core */ = {
			isa = PBXGroup;
			children = (
				054489A923F9B208009D8A67 /* BLE */,
			);
			path = Core;
			sourceTree = "<group>";
		};
		054489A923F9B208009D8A67 /* BLE */ = {
			isa = PBXGroup;
			children = (
				053D907B23FBD0D500B01541 /* LedControlManager.swift */,
				054CE6422562ED9C00EFBADB /* LedDevicePeripheral.swift */,
				054CE63F2562ED4500EFBADB /* ResponseFactory.swift */,
				055EA3C32559B8EB004B3A78 /* CommonRequest.swift */,
				05CCA72B23FC648A00AA3C7F /* LedStateCommand.swift */,
				054CE61A2561841000EFBADB /* SendCmdCommand.swift */,
				058A28CF23FC196F0092C0CB /* LightsStateResponse.swift */,
				055EA3C02559B837004B3A78 /* SetModeCommand.swift */,
				05B9C4CA255B004C008A3A07 /* CommonStatusResponse.swift */,
			);
			path = BLE;
			sourceTree = "<group>";
		};
		054489AC23F9B212009D8A67 /* Vendors */ = {
			isa = PBXGroup;
			children = (
				057701A323FAC6F900E3C0E7 /* UserDefaultWrapper.swift */,
			);
			path = Vendors;
			sourceTree = "<group>";
		};
		054489AD23F9B218009D8A67 /* ViewControllers */ = {
			isa = PBXGroup;
			children = (
				054489AF23F9B218009D8A67 /* BaseViewController.swift */,
				054489B323F9B218009D8A67 /* LaunchViewController.swift */,
				057701A123FAA7B200E3C0E7 /* LedControlViewController.swift */,
				054489B123F9B218009D8A67 /* DevicePairViewController.swift */,
				054489B223F9B218009D8A67 /* DiscoveredDeviceTableViewCell.swift */,
			);
			path = ViewControllers;
			sourceTree = "<group>";
		};
		054489BA23F9B37E009D8A67 /* Storyboards */ = {
			isa = PBXGroup;
			children = (
				0544899F23F9B057009D8A67 /* LaunchScreen.storyboard */,
				0544899A23F9B055009D8A67 /* Main.storyboard */,
			);
			path = Storyboards;
			sourceTree = "<group>";
		};
		054489BB23F9B3B5009D8A67 /* BLECore */ = {
			isa = PBXGroup;
			children = (
				054489C423F9B3B5009D8A67 /* Helpers */,
				054489C223F9B3B5009D8A67 /* BLECentralManager.swift */,
				054489C023F9B3B5009D8A67 /* BLEDevicePeripheral.swift */,
				054489BC23F9B3B5009D8A67 /* BLEPeripheral.swift */,
				054489BD23F9B3B5009D8A67 /* BLEError.swift */,
				054489BE23F9B3B5009D8A67 /* BLECommand.swift */,
				054489BF23F9B3B5009D8A67 /* BLEResponse.swift */,
				054489C123F9B3B5009D8A67 /* BLERequest.swift */,
				054489C323F9B3B5009D8A67 /* BLEResponseFactory.swift */,
			);
			path = BLECore;
			sourceTree = SOURCE_ROOT;
		};
		054489C423F9B3B5009D8A67 /* Helpers */ = {
			isa = PBXGroup;
			children = (
				054489C523F9B3B5009D8A67 /* ExtData.swift */,
				054489C623F9B3B5009D8A67 /* ExtString.swift */,
				054489C723F9B3B5009D8A67 /* ExtObjectOrNil.swift */,
				054489C823F9B3B5009D8A67 /* LogsHelper.swift */,
			);
			path = Helpers;
			sourceTree = "<group>";
		};
		74D966A6E189A4A4573B177A /* Frameworks */ = {
			isa = PBXGroup;
			children = (
				9248D448FB755ADF1D168706 /* Pods_Matrix_rgb_leds.framework */,
			);
			name = Frameworks;
			sourceTree = "<group>";
		};
		FD456D9FA696CB2A4EC7F7C0 /* Pods */ = {
			isa = PBXGroup;
			children = (
				428129E9E9DAE5F68BC50E1E /* Pods-Matrix-rgb-leds.debug.xcconfig */,
				281F89166CE580FBF5B2721E /* Pods-Matrix-rgb-leds.release.xcconfig */,
			);
			path = Pods;
			sourceTree = "<group>";
		};
/* End PBXGroup section */

/* Begin PBXNativeTarget section */
		0544899023F9B055009D8A67 /* Matrix-rgb-leds */ = {
			isa = PBXNativeTarget;
			buildConfigurationList = 054489A523F9B057009D8A67 /* Build configuration list for PBXNativeTarget "Matrix-rgb-leds" */;
			buildPhases = (
				9703CEC11E1FD81184B95D9D /* [CP] Check Pods Manifest.lock */,
				0544898D23F9B055009D8A67 /* Sources */,
				0544898E23F9B055009D8A67 /* Frameworks */,
				0544898F23F9B055009D8A67 /* Resources */,
				66F2692A539422D0D0EC1F7A /* [CP] Embed Pods Frameworks */,
			);
			buildRules = (
			);
			dependencies = (
			);
			name = "Matrix-rgb-leds";
			productName = "BLE RGB LED Control";
			productReference = 0544899123F9B055009D8A67 /* Matrix RGB Leds.app */;
			productType = "com.apple.product-type.application";
		};
/* End PBXNativeTarget section */

/* Begin PBXProject section */
		0544898923F9B055009D8A67 /* Project object */ = {
			isa = PBXProject;
			attributes = {
				LastSwiftUpdateCheck = 1130;
				LastUpgradeCheck = 1130;
				ORGANIZATIONNAME = "M-Technologies";
				TargetAttributes = {
					0544899023F9B055009D8A67 = {
						CreatedOnToolsVersion = 11.3.1;
					};
				};
			};
			buildConfigurationList = 0544898C23F9B055009D8A67 /* Build configuration list for PBXProject "Matrix-rgb-leds" */;
			compatibilityVersion = "Xcode 9.3";
			developmentRegion = en;
			hasScannedForEncodings = 0;
			knownRegions = (
				en,
				Base,
			);
			mainGroup = 0544898823F9B055009D8A67;
			productRefGroup = 0544899223F9B055009D8A67 /* Products */;
			projectDirPath = "";
			projectRoot = "";
			targets = (
				0544899023F9B055009D8A67 /* Matrix-rgb-leds */,
			);
		};
/* End PBXProject section */

/* Begin PBXResourcesBuildPhase section */
		0544898F23F9B055009D8A67 /* Resources */ = {
			isa = PBXResourcesBuildPhase;
			buildActionMask = 2147483647;
			files = (
				054489A123F9B057009D8A67 /* LaunchScreen.storyboard in Resources */,
				0544899E23F9B057009D8A67 /* Assets.xcassets in Resources */,
				0544899C23F9B055009D8A67 /* Main.storyboard in Resources */,
			);
			runOnlyForDeploymentPostprocessing = 0;
		};
/* End PBXResourcesBuildPhase section */

/* Begin PBXShellScriptBuildPhase section */
		66F2692A539422D0D0EC1F7A /* [CP] Embed Pods Frameworks */ = {
			isa = PBXShellScriptBuildPhase;
			buildActionMask = 2147483647;
			files = (
			);
			inputFileListPaths = (
				"${PODS_ROOT}/Target Support Files/Pods-Matrix-rgb-leds/Pods-Matrix-rgb-leds-frameworks-${CONFIGURATION}-input-files.xcfilelist",
			);
			name = "[CP] Embed Pods Frameworks";
			outputFileListPaths = (
				"${PODS_ROOT}/Target Support Files/Pods-Matrix-rgb-leds/Pods-Matrix-rgb-leds-frameworks-${CONFIGURATION}-output-files.xcfilelist",
			);
			runOnlyForDeploymentPostprocessing = 0;
			shellPath = /bin/sh;
			shellScript = "\"${PODS_ROOT}/Target Support Files/Pods-Matrix-rgb-leds/Pods-Matrix-rgb-leds-frameworks.sh\"\n";
			showEnvVarsInLog = 0;
		};
		9703CEC11E1FD81184B95D9D /* [CP] Check Pods Manifest.lock */ = {
			isa = PBXShellScriptBuildPhase;
			buildActionMask = 2147483647;
			files = (
			);
			inputFileListPaths = (
			);
			inputPaths = (
				"${PODS_PODFILE_DIR_PATH}/Podfile.lock",
				"${PODS_ROOT}/Manifest.lock",
			);
			name = "[CP] Check Pods Manifest.lock";
			outputFileListPaths = (
			);
			outputPaths = (
				"$(DERIVED_FILE_DIR)/Pods-Matrix-rgb-leds-checkManifestLockResult.txt",
			);
			runOnlyForDeploymentPostprocessing = 0;
			shellPath = /bin/sh;
			shellScript = "diff \"${PODS_PODFILE_DIR_PATH}/Podfile.lock\" \"${PODS_ROOT}/Manifest.lock\" > /dev/null\nif [ $? != 0 ] ; then\n    # print error to STDERR\n    echo \"error: The sandbox is not in sync with the Podfile.lock. Run 'pod install' or update your CocoaPods installation.\" >&2\n    exit 1\nfi\n# This output is used by Xcode 'outputs' to avoid re-running this script phase.\necho \"SUCCESS\" > \"${SCRIPT_OUTPUT_FILE_0}\"\n";
			showEnvVarsInLog = 0;
		};
/* End PBXShellScriptBuildPhase section */

/* Begin PBXSourcesBuildPhase section */
		0544898D23F9B055009D8A67 /* Sources */ = {
			isa = PBXSourcesBuildPhase;
			buildActionMask = 2147483647;
			files = (
				058A28D023FC196F0092C0CB /* LightsStateResponse.swift in Sources */,
				054489D223F9B3B5009D8A67 /* ExtString.swift in Sources */,
				054489B523F9B218009D8A67 /* BaseViewController.swift in Sources */,
				054489CB23F9B3B5009D8A67 /* BLECommand.swift in Sources */,
				054489B823F9B218009D8A67 /* DiscoveredDeviceTableViewCell.swift in Sources */,
				054489D123F9B3B5009D8A67 /* ExtData.swift in Sources */,
				054CE6402562ED4500EFBADB /* ResponseFactory.swift in Sources */,
				054489CD23F9B3B5009D8A67 /* BLEDevicePeripheral.swift in Sources */,
				057701A223FAA7B200E3C0E7 /* LedControlViewController.swift in Sources */,
				0544899523F9B055009D8A67 /* AppDelegate.swift in Sources */,
				054CE61B2561841000EFBADB /* SendCmdCommand.swift in Sources */,
				05B9C4CB255B004C008A3A07 /* CommonStatusResponse.swift in Sources */,
				055EA3C12559B837004B3A78 /* SetModeCommand.swift in Sources */,
				054489D023F9B3B5009D8A67 /* BLEResponseFactory.swift in Sources */,
				054489D423F9B3B5009D8A67 /* LogsHelper.swift in Sources */,
				054489CC23F9B3B5009D8A67 /* BLEResponse.swift in Sources */,
				053D907C23FBD0D500B01541 /* LedControlManager.swift in Sources */,
				054489CE23F9B3B5009D8A67 /* BLERequest.swift in Sources */,
				057701A423FAC6F900E3C0E7 /* UserDefaultWrapper.swift in Sources */,
				054CE6432562ED9C00EFBADB /* LedDevicePeripheral.swift in Sources */,
				054489CF23F9B3B5009D8A67 /* BLECentralManager.swift in Sources */,
				0544899723F9B055009D8A67 /* SceneDelegate.swift in Sources */,
				054489D323F9B3B5009D8A67 /* ExtObjectOrNil.swift in Sources */,
				05CCA72C23FC648A00AA3C7F /* LedStateCommand.swift in Sources */,
				054489B923F9B218009D8A67 /* LaunchViewController.swift in Sources */,
				054489B723F9B218009D8A67 /* DevicePairViewController.swift in Sources */,
				055EA3C42559B8EB004B3A78 /* CommonRequest.swift in Sources */,
				054489CA23F9B3B5009D8A67 /* BLEError.swift in Sources */,
				054489C923F9B3B5009D8A67 /* BLEPeripheral.swift in Sources */,
			);
			runOnlyForDeploymentPostprocessing = 0;
		};
/* End PBXSourcesBuildPhase section */

/* Begin PBXVariantGroup section */
		0544899A23F9B055009D8A67 /* Main.storyboard */ = {
			isa = PBXVariantGroup;
			children = (
				0544899B23F9B055009D8A67 /* Base */,
			);
			name = Main.storyboard;
			sourceTree = "<group>";
		};
		0544899F23F9B057009D8A67 /* LaunchScreen.storyboard */ = {
			isa = PBXVariantGroup;
			children = (
				054489A023F9B057009D8A67 /* Base */,
			);
			name = LaunchScreen.storyboard;
			sourceTree = "<group>";
		};
/* End PBXVariantGroup section */

/* Begin XCBuildConfiguration section */
		054489A323F9B057009D8A67 /* Debug */ = {
			isa = XCBuildConfiguration;
			buildSettings = {
				ALWAYS_SEARCH_USER_PATHS = NO;
				CLANG_ANALYZER_NONNULL = YES;
				CLANG_ANALYZER_NUMBER_OBJECT_CONVERSION = YES_AGGRESSIVE;
				CLANG_CXX_LANGUAGE_STANDARD = "gnu++14";
				CLANG_CXX_LIBRARY = "libc++";
				CLANG_ENABLE_MODULES = YES;
				CLANG_ENABLE_OBJC_ARC = YES;
				CLANG_ENABLE_OBJC_WEAK = YES;
				CLANG_WARN_BLOCK_CAPTURE_AUTORELEASING = YES;
				CLANG_WARN_BOOL_CONVERSION = YES;
				CLANG_WARN_COMMA = YES;
				CLANG_WARN_CONSTANT_CONVERSION = YES;
				CLANG_WARN_DEPRECATED_OBJC_IMPLEMENTATIONS = YES;
				CLANG_WARN_DIRECT_OBJC_ISA_USAGE = YES_ERROR;
				CLANG_WARN_DOCUMENTATION_COMMENTS = YES;
				CLANG_WARN_EMPTY_BODY = YES;
				CLANG_WARN_ENUM_CONVERSION = YES;
				CLANG_WARN_INFINITE_RECURSION = YES;
				CLANG_WARN_INT_CONVERSION = YES;
				CLANG_WARN_NON_LITERAL_NULL_CONVERSION = YES;
				CLANG_WARN_OBJC_IMPLICIT_RETAIN_SELF = YES;
				CLANG_WARN_OBJC_LITERAL_CONVERSION = YES;
				CLANG_WARN_OBJC_ROOT_CLASS = YES_ERROR;
				CLANG_WARN_RANGE_LOOP_ANALYSIS = YES;
				CLANG_WARN_STRICT_PROTOTYPES = YES;
				CLANG_WARN_SUSPICIOUS_MOVE = YES;
				CLANG_WARN_UNGUARDED_AVAILABILITY = YES_AGGRESSIVE;
				CLANG_WARN_UNREACHABLE_CODE = YES;
				CLANG_WARN__DUPLICATE_METHOD_MATCH = YES;
				COPY_PHASE_STRIP = NO;
				DEBUG_INFORMATION_FORMAT = dwarf;
				ENABLE_STRICT_OBJC_MSGSEND = YES;
				ENABLE_TESTABILITY = YES;
				GCC_C_LANGUAGE_STANDARD = gnu11;
				GCC_DYNAMIC_NO_PIC = NO;
				GCC_NO_COMMON_BLOCKS = YES;
				GCC_OPTIMIZATION_LEVEL = 0;
				GCC_PREPROCESSOR_DEFINITIONS = (
					"DEBUG=1",
					"$(inherited)",
				);
				GCC_WARN_64_TO_32_BIT_CONVERSION = YES;
				GCC_WARN_ABOUT_RETURN_TYPE = YES_ERROR;
				GCC_WARN_UNDECLARED_SELECTOR = YES;
				GCC_WARN_UNINITIALIZED_AUTOS = YES_AGGRESSIVE;
				GCC_WARN_UNUSED_FUNCTION = YES;
				GCC_WARN_UNUSED_VARIABLE = YES;
				IPHONEOS_DEPLOYMENT_TARGET = 13.2;
				MTL_ENABLE_DEBUG_INFO = INCLUDE_SOURCE;
				MTL_FAST_MATH = YES;
				ONLY_ACTIVE_ARCH = YES;
				SDKROOT = iphoneos;
				SWIFT_ACTIVE_COMPILATION_CONDITIONS = DEBUG;
				SWIFT_OPTIMIZATION_LEVEL = "-Onone";
			};
			name = Debug;
		};
		054489A423F9B057009D8A67 /* Release */ = {
			isa = XCBuildConfiguration;
			buildSettings = {
				ALWAYS_SEARCH_USER_PATHS = NO;
				CLANG_ANALYZER_NONNULL = YES;
				CLANG_ANALYZER_NUMBER_OBJECT_CONVERSION = YES_AGGRESSIVE;
				CLANG_CXX_LANGUAGE_STANDARD = "gnu++14";
				CLANG_CXX_LIBRARY = "libc++";
				CLANG_ENABLE_MODULES = YES;
				CLANG_ENABLE_OBJC_ARC = YES;
				CLANG_ENABLE_OBJC_WEAK = YES;
				CLANG_WARN_BLOCK_CAPTURE_AUTORELEASING = YES;
				CLANG_WARN_BOOL_CONVERSION = YES;
				CLANG_WARN_COMMA = YES;
				CLANG_WARN_CONSTANT_CONVERSION = YES;
				CLANG_WARN_DEPRECATED_OBJC_IMPLEMENTATIONS = YES;
				CLANG_WARN_DIRECT_OBJC_ISA_USAGE = YES_ERROR;
				CLANG_WARN_DOCUMENTATION_COMMENTS = YES;
				CLANG_WARN_EMPTY_BODY = YES;
				CLANG_WARN_ENUM_CONVERSION = YES;
				CLANG_WARN_INFINITE_RECURSION = YES;
				CLANG_WARN_INT_CONVERSION = YES;
				CLANG_WARN_NON_LITERAL_NULL_CONVERSION = YES;
				CLANG_WARN_OBJC_IMPLICIT_RETAIN_SELF = YES;
				CLANG_WARN_OBJC_LITERAL_CONVERSION = YES;
				CLANG_WARN_OBJC_ROOT_CLASS = YES_ERROR;
				CLANG_WARN_RANGE_LOOP_ANALYSIS = YES;
				CLANG_WARN_STRICT_PROTOTYPES = YES;
				CLANG_WARN_SUSPICIOUS_MOVE = YES;
				CLANG_WARN_UNGUARDED_AVAILABILITY = YES_AGGRESSIVE;
				CLANG_WARN_UNREACHABLE_CODE = YES;
				CLANG_WARN__DUPLICATE_METHOD_MATCH = YES;
				COPY_PHASE_STRIP = NO;
				DEBUG_INFORMATION_FORMAT = "dwarf-with-dsym";
				ENABLE_NS_ASSERTIONS = NO;
				ENABLE_STRICT_OBJC_MSGSEND = YES;
				GCC_C_LANGUAGE_STANDARD = gnu11;
				GCC_NO_COMMON_BLOCKS = YES;
				GCC_WARN_64_TO_32_BIT_CONVERSION = YES;
				GCC_WARN_ABOUT_RETURN_TYPE = YES_ERROR;
				GCC_WARN_UNDECLARED_SELECTOR = YES;
				GCC_WARN_UNINITIALIZED_AUTOS = YES_AGGRESSIVE;
				GCC_WARN_UNUSED_FUNCTION = YES;
				GCC_WARN_UNUSED_VARIABLE = YES;
				IPHONEOS_DEPLOYMENT_TARGET = 13.2;
				MTL_ENABLE_DEBUG_INFO = NO;
				MTL_FAST_MATH = YES;
				SDKROOT = iphoneos;
				SWIFT_COMPILATION_MODE = wholemodule;
				SWIFT_OPTIMIZATION_LEVEL = "-O";
				VALIDATE_PRODUCT = YES;
			};
			name = Release;
		};
		054489A623F9B057009D8A67 /* Debug */ = {
			isa = XCBuildConfiguration;
			baseConfigurationReference = 428129E9E9DAE5F68BC50E1E /* Pods-Matrix-rgb-leds.debug.xcconfig */;
			buildSettings = {
				ASSETCATALOG_COMPILER_APPICON_NAME = AppIcon;
				CODE_SIGN_IDENTITY = "iPhone Developer";
				CODE_SIGN_STYLE = Manual;
				DEVELOPMENT_TEAM = 73LTLJAK8K;
				INFOPLIST_FILE = "$(SRCROOT)/Matrix-rgb-leds/Info.plist";
				IPHONEOS_DEPLOYMENT_TARGET = 13.0;
				LD_RUNPATH_SEARCH_PATHS = (
					"$(inherited)",
					"@executable_path/Frameworks",
				);
				PRODUCT_BUNDLE_IDENTIFIER = "com.m-technologies.Matrix-rgb-leds";
				PRODUCT_NAME = "Matrix RGB Leds";
				PROVISIONING_PROFILE_SPECIFIER = "All devices";
				SWIFT_VERSION = 5.0;
				TARGETED_DEVICE_FAMILY = 1;
			};
			name = Debug;
		};
		054489A723F9B057009D8A67 /* Release */ = {
			isa = XCBuildConfiguration;
			baseConfigurationReference = 281F89166CE580FBF5B2721E /* Pods-Matrix-rgb-leds.release.xcconfig */;
			buildSettings = {
				ASSETCATALOG_COMPILER_APPICON_NAME = AppIcon;
				CODE_SIGN_IDENTITY = "iPhone Developer";
				CODE_SIGN_STYLE = Manual;
				DEVELOPMENT_TEAM = 73LTLJAK8K;
				INFOPLIST_FILE = "$(SRCROOT)/Matrix-rgb-leds/Info.plist";
				IPHONEOS_DEPLOYMENT_TARGET = 13.0;
				LD_RUNPATH_SEARCH_PATHS = (
					"$(inherited)",
					"@executable_path/Frameworks",
				);
				PRODUCT_BUNDLE_IDENTIFIER = "com.m-technologies.Matrix-rgb-leds";
				PRODUCT_NAME = "Matrix RGB Leds";
				PROVISIONING_PROFILE_SPECIFIER = "All devices";
				SWIFT_VERSION = 5.0;
				TARGETED_DEVICE_FAMILY = 1;
			};
			name = Release;
		};
/* End XCBuildConfiguration section */

/* Begin XCConfigurationList section */
		0544898C23F9B055009D8A67 /* Build configuration list for PBXProject "Matrix-rgb-leds" */ = {
			isa = XCConfigurationList;
			buildConfigurations = (
				054489A323F9B057009D8A67 /* Debug */,
				054489A423F9B057009D8A67 /* Release */,
			);
			defaultConfigurationIsVisible = 0;
			defaultConfigurationName = Release;
		};
		054489A523F9B057009D8A67 /* Build configuration list for PBXNativeTarget "Matrix-rgb-leds" */ = {
			isa = XCConfigurationList;
			buildConfigurations = (
				054489A623F9B057009D8A67 /* Debug */,
				054489A723F9B057009D8A67 /* Release */,
			);
			defaultConfigurationIsVisible = 0;
			defaultConfigurationName = Release;
		};
/* End XCConfigurationList section */
	};
	rootObject = 0544898923F9B055009D8A67 /* Project object */;
}
